// !$*UTF8*$!
{
	archiveVersion = 1;
	classes = {
	};
	objectVersion = 46;
	objects = {

/* Begin PBXBuildFile section */
		03D4A1EB1D0AB25A00565E4B /* PLKSocket.m in Sources */ = {isa = PBXBuildFile; fileRef = 03D4A1E81D0AB25A00565E4B /* PLKSocket.m */; };
		03D4A1EC1D0AB25A00565E4B /* PLKConnection.m in Sources */ = {isa = PBXBuildFile; fileRef = 03D4A1EA1D0AB25A00565E4B /* PLKConnection.m */; };
		03D4A1F11D1D60AA00565E4B /* PLKSocketListener.m in Sources */ = {isa = PBXBuildFile; fileRef = 03D4A1F01D1D60AA00565E4B /* PLKSocketListener.m */; };
		E7FE09C31B713C70009D090C /* PLKScript.m in Sources */ = {isa = PBXBuildFile; fileRef = E7FE09C21B713C70009D090C /* PLKScript.m */; };
		ED1CE20F1B70464F0096585B /* PLKRepl.m in Sources */ = {isa = PBXBuildFile; fileRef = ED1CE20E1B70464F0096585B /* PLKRepl.m */; };
		ED1CE2121B7047B70096585B /* PLKCommandLine.m in Sources */ = {isa = PBXBuildFile; fileRef = ED1CE2111B7047B70096585B /* PLKCommandLine.m */; };
		ED1CE2161B7049670096585B /* PLKExecutive.m in Sources */ = {isa = PBXBuildFile; fileRef = ED1CE2151B7049670096585B /* PLKExecutive.m */; };
		ED1CE2191B704FF10096585B /* PLKClojureScriptEngine.m in Sources */ = {isa = PBXBuildFile; fileRef = ED1CE2181B704FF10096585B /* PLKClojureScriptEngine.m */; };
		ED1CE21C1B7186B10096585B /* PLKBundledOut.m in Sources */ = {isa = PBXBuildFile; fileRef = ED1CE21B1B7186B10096585B /* PLKBundledOut.m */; };
		ED1CE2221B72563A0096585B /* PLKSh.m in Sources */ = {isa = PBXBuildFile; fileRef = ED1CE2211B72563A0096585B /* PLKSh.m */; };
		ED1CE2281B72C6360096585B /* PLKFileReader.m in Sources */ = {isa = PBXBuildFile; fileRef = ED1CE2271B72C6360096585B /* PLKFileReader.m */; };
		ED2C904A1C08C72A00597ABA /* MKBlockingQueue.m in Sources */ = {isa = PBXBuildFile; fileRef = ED2C90491C08C72A00597ABA /* MKBlockingQueue.m */; };
		ED3C43E11CD834F60009CE08 /* MPEdnBase64Codec.m in Sources */ = {isa = PBXBuildFile; fileRef = ED3C43CE1CD834A20009CE08 /* MPEdnBase64Codec.m */; };
		ED3C43E21CD834FA0009CE08 /* MPEdnDateCodec.m in Sources */ = {isa = PBXBuildFile; fileRef = ED3C43D01CD834A20009CE08 /* MPEdnDateCodec.m */; };
		ED3C43E31CD834FD0009CE08 /* MPEdnKeyword.m in Sources */ = {isa = PBXBuildFile; fileRef = ED3C43D21CD834A20009CE08 /* MPEdnKeyword.m */; };
		ED3C43E41CD835000009CE08 /* MPEdnParser.m in Sources */ = {isa = PBXBuildFile; fileRef = ED3C43D41CD834A20009CE08 /* MPEdnParser.m */; };
		ED3C43E51CD835030009CE08 /* MPEdnSymbol.m in Sources */ = {isa = PBXBuildFile; fileRef = ED3C43D61CD834A20009CE08 /* MPEdnSymbol.m */; };
		ED3C43E61CD835080009CE08 /* MPEdnTaggedValue.m in Sources */ = {isa = PBXBuildFile; fileRef = ED3C43D81CD834A20009CE08 /* MPEdnTaggedValue.m */; };
		ED3C43E71CD835100009CE08 /* MPEdnURLCodec.m in Sources */ = {isa = PBXBuildFile; fileRef = ED3C43DC1CD834A20009CE08 /* MPEdnURLCodec.m */; };
		ED3C43E81CD835130009CE08 /* MPEdnUUIDCodec.m in Sources */ = {isa = PBXBuildFile; fileRef = ED3C43DE1CD834A20009CE08 /* MPEdnUUIDCodec.m */; };
		ED3C43E91CD835160009CE08 /* MPEdnWriter.m in Sources */ = {isa = PBXBuildFile; fileRef = ED3C43E01CD834A20009CE08 /* MPEdnWriter.m */; };
		ED4919591B6EB9520084F9C5 /* linenoise.c in Sources */ = {isa = PBXBuildFile; fileRef = ED4919571B6EB9520084F9C5 /* linenoise.c */; settings = {COMPILER_FLAGS = "-w"; }; };
		ED4B2E141B88021F00DF622A /* PLKUtils.m in Sources */ = {isa = PBXBuildFile; fileRef = ED4B2E131B88021F00DF622A /* PLKUtils.m */; };
		ED4B2E171B88A62100DF622A /* PLKFileInputStream.m in Sources */ = {isa = PBXBuildFile; fileRef = ED4B2E161B88A62100DF622A /* PLKFileInputStream.m */; };
		ED4B2E1A1B88A65C00DF622A /* PLKFileOutputStream.m in Sources */ = {isa = PBXBuildFile; fileRef = ED4B2E191B88A65C00DF622A /* PLKFileOutputStream.m */; };
		ED8DBF811B77732F00BBA2FA /* PLKFileWriter.m in Sources */ = {isa = PBXBuildFile; fileRef = ED8DBF801B77732F00BBA2FA /* PLKFileWriter.m */; };
		ED9C14901B57C21E0092866D /* main.m in Sources */ = {isa = PBXBuildFile; fileRef = ED9C148F1B57C21E0092866D /* main.m */; };
		EDBB01921C6E074400F64844 /* PLKTheme.m in Sources */ = {isa = PBXBuildFile; fileRef = EDBB01911C6E074400F64844 /* PLKTheme.m */; };
		EDBB01941C6E365400F64844 /* AppKit.framework in Frameworks */ = {isa = PBXBuildFile; fileRef = EDBB01931C6E365400F64844 /* AppKit.framework */; };
		EDBB07001B7CE23400D8C6C6 /* libz.dylib in Frameworks */ = {isa = PBXBuildFile; fileRef = EDBB06FF1B7CE23400D8C6C6 /* libz.dylib */; };
		EDBB07031B7EADE300D8C6C6 /* PLKLegal.m in Sources */ = {isa = PBXBuildFile; fileRef = EDBB07021B7EADE300D8C6C6 /* PLKLegal.m */; };
		EDE838561B57C5E2002F56D7 /* JavaScriptCore.framework in Frameworks */ = {isa = PBXBuildFile; fileRef = EDE838551B57C5E2002F56D7 /* JavaScriptCore.framework */; };
		EDEEDDA41B6FE2D000DF10C1 /* ABYContextManager.m in Sources */ = {isa = PBXBuildFile; fileRef = EDEEDDA11B6FE2D000DF10C1 /* ABYContextManager.m */; };
		EDEEDDA51B6FE2D000DF10C1 /* ABYUtils.m in Sources */ = {isa = PBXBuildFile; fileRef = EDEEDDA31B6FE2D000DF10C1 /* ABYUtils.m */; };
		EDEF279F1B84B79D00F2C7E4 /* ZZAESDecryptInputStream.mm in Sources */ = {isa = PBXBuildFile; fileRef = EDEF27761B84B79D00F2C7E4 /* ZZAESDecryptInputStream.mm */; };
		EDEF27A01B84B79D00F2C7E4 /* ZZArchive.mm in Sources */ = {isa = PBXBuildFile; fileRef = EDEF27781B84B79D00F2C7E4 /* ZZArchive.mm */; };
		EDEF27A11B84B79D00F2C7E4 /* ZZArchiveEntry.m in Sources */ = {isa = PBXBuildFile; fileRef = EDEF277A1B84B79D00F2C7E4 /* ZZArchiveEntry.m */; };
		EDEF27A21B84B79D00F2C7E4 /* ZZConstants.m in Sources */ = {isa = PBXBuildFile; fileRef = EDEF277F1B84B79D00F2C7E4 /* ZZConstants.m */; };
		EDEF27A31B84B79D00F2C7E4 /* ZZDataChannel.m in Sources */ = {isa = PBXBuildFile; fileRef = EDEF27811B84B79D00F2C7E4 /* ZZDataChannel.m */; };
		EDEF27A41B84B79D00F2C7E4 /* ZZDataChannelOutput.m in Sources */ = {isa = PBXBuildFile; fileRef = EDEF27831B84B79D00F2C7E4 /* ZZDataChannelOutput.m */; };
		EDEF27A51B84B79D00F2C7E4 /* ZZDeflateOutputStream.m in Sources */ = {isa = PBXBuildFile; fileRef = EDEF27861B84B79D00F2C7E4 /* ZZDeflateOutputStream.m */; };
		EDEF27A61B84B79D00F2C7E4 /* ZZError.m in Sources */ = {isa = PBXBuildFile; fileRef = EDEF27881B84B79D00F2C7E4 /* ZZError.m */; };
		EDEF27A71B84B79D00F2C7E4 /* ZZFileChannel.m in Sources */ = {isa = PBXBuildFile; fileRef = EDEF278A1B84B79D00F2C7E4 /* ZZFileChannel.m */; };
		EDEF27A81B84B79D00F2C7E4 /* ZZFileChannelOutput.m in Sources */ = {isa = PBXBuildFile; fileRef = EDEF278C1B84B79D00F2C7E4 /* ZZFileChannelOutput.m */; };
		EDEF27A91B84B79D00F2C7E4 /* ZZInflateInputStream.m in Sources */ = {isa = PBXBuildFile; fileRef = EDEF278F1B84B79D00F2C7E4 /* ZZInflateInputStream.m */; };
		EDEF27AA1B84B79D00F2C7E4 /* ZZNewArchiveEntry.mm in Sources */ = {isa = PBXBuildFile; fileRef = EDEF27911B84B79D00F2C7E4 /* ZZNewArchiveEntry.mm */; };
		EDEF27AB1B84B79D00F2C7E4 /* ZZNewArchiveEntryWriter.mm in Sources */ = {isa = PBXBuildFile; fileRef = EDEF27931B84B79D00F2C7E4 /* ZZNewArchiveEntryWriter.mm */; };
		EDEF27AC1B84B79D00F2C7E4 /* ZZOldArchiveEntry.mm in Sources */ = {isa = PBXBuildFile; fileRef = EDEF27951B84B79D00F2C7E4 /* ZZOldArchiveEntry.mm */; };
		EDEF27AD1B84B79D00F2C7E4 /* ZZOldArchiveEntryWriter.mm in Sources */ = {isa = PBXBuildFile; fileRef = EDEF27971B84B79D00F2C7E4 /* ZZOldArchiveEntryWriter.mm */; };
		EDEF27AE1B84B79D00F2C7E4 /* ZZStandardCryptoEngine.cpp in Sources */ = {isa = PBXBuildFile; fileRef = EDEF27991B84B79D00F2C7E4 /* ZZStandardCryptoEngine.cpp */; };
		EDEF27AF1B84B79D00F2C7E4 /* ZZStandardDecryptInputStream.mm in Sources */ = {isa = PBXBuildFile; fileRef = EDEF279C1B84B79D00F2C7E4 /* ZZStandardDecryptInputStream.mm */; };
		EDEF27B01B84B79D00F2C7E4 /* ZZStoreOutputStream.m in Sources */ = {isa = PBXBuildFile; fileRef = EDEF279E1B84B79D00F2C7E4 /* ZZStoreOutputStream.m */; };
/* End PBXBuildFile section */

/* Begin PBXCopyFilesBuildPhase section */
		ED9C148A1B57C21E0092866D /* CopyFiles */ = {
			isa = PBXCopyFilesBuildPhase;
			buildActionMask = 2147483647;
			dstPath = /usr/share/man/man1/;
			dstSubfolderSpec = 0;
			files = (
			);
			runOnlyForDeploymentPostprocessing = 1;
		};
/* End PBXCopyFilesBuildPhase section */

/* Begin PBXFileReference section */
		03D4A1E71D0AB25A00565E4B /* PLKSocket.h */ = {isa = PBXFileReference; fileEncoding = 4; lastKnownFileType = sourcecode.c.h; path = PLKSocket.h; sourceTree = "<group>"; };
		03D4A1E81D0AB25A00565E4B /* PLKSocket.m */ = {isa = PBXFileReference; fileEncoding = 4; lastKnownFileType = sourcecode.c.objc; path = PLKSocket.m; sourceTree = "<group>"; };
		03D4A1E91D0AB25A00565E4B /* PLKConnection.h */ = {isa = PBXFileReference; fileEncoding = 4; lastKnownFileType = sourcecode.c.h; path = PLKConnection.h; sourceTree = "<group>"; };
		03D4A1EA1D0AB25A00565E4B /* PLKConnection.m */ = {isa = PBXFileReference; fileEncoding = 4; lastKnownFileType = sourcecode.c.objc; path = PLKConnection.m; sourceTree = "<group>"; };
		03D4A1F01D1D60AA00565E4B /* PLKSocketListener.m */ = {isa = PBXFileReference; fileEncoding = 4; lastKnownFileType = sourcecode.c.objc; path = PLKSocketListener.m; sourceTree = "<group>"; };
		03D4A1F21D1D617500565E4B /* PLKSocketListener.h */ = {isa = PBXFileReference; fileEncoding = 4; lastKnownFileType = sourcecode.c.h; path = PLKSocketListener.h; sourceTree = "<group>"; };
		E7FE09C11B713C70009D090C /* PLKScript.h */ = {isa = PBXFileReference; fileEncoding = 4; lastKnownFileType = sourcecode.c.h; path = PLKScript.h; sourceTree = "<group>"; };
		E7FE09C21B713C70009D090C /* PLKScript.m */ = {isa = PBXFileReference; fileEncoding = 4; lastKnownFileType = sourcecode.c.objc; path = PLKScript.m; sourceTree = "<group>"; };
		ED1CE20D1B70464F0096585B /* PLKRepl.h */ = {isa = PBXFileReference; fileEncoding = 4; lastKnownFileType = sourcecode.c.h; path = PLKRepl.h; sourceTree = "<group>"; };
		ED1CE20E1B70464F0096585B /* PLKRepl.m */ = {isa = PBXFileReference; fileEncoding = 4; lastKnownFileType = sourcecode.c.objc; path = PLKRepl.m; sourceTree = "<group>"; };
		ED1CE2101B7047B70096585B /* PLKCommandLine.h */ = {isa = PBXFileReference; fileEncoding = 4; lastKnownFileType = sourcecode.c.h; path = PLKCommandLine.h; sourceTree = "<group>"; };
		ED1CE2111B7047B70096585B /* PLKCommandLine.m */ = {isa = PBXFileReference; fileEncoding = 4; lastKnownFileType = sourcecode.c.objc; path = PLKCommandLine.m; sourceTree = "<group>"; };
		ED1CE2141B7049670096585B /* PLKExecutive.h */ = {isa = PBXFileReference; fileEncoding = 4; lastKnownFileType = sourcecode.c.h; path = PLKExecutive.h; sourceTree = "<group>"; };
		ED1CE2151B7049670096585B /* PLKExecutive.m */ = {isa = PBXFileReference; fileEncoding = 4; lastKnownFileType = sourcecode.c.objc; path = PLKExecutive.m; sourceTree = "<group>"; };
		ED1CE2171B704FF10096585B /* PLKClojureScriptEngine.h */ = {isa = PBXFileReference; fileEncoding = 4; lastKnownFileType = sourcecode.c.h; path = PLKClojureScriptEngine.h; sourceTree = "<group>"; };
		ED1CE2181B704FF10096585B /* PLKClojureScriptEngine.m */ = {isa = PBXFileReference; fileEncoding = 4; lastKnownFileType = sourcecode.c.objc; path = PLKClojureScriptEngine.m; sourceTree = "<group>"; };
		ED1CE21A1B7186B10096585B /* PLKBundledOut.h */ = {isa = PBXFileReference; fileEncoding = 4; lastKnownFileType = sourcecode.c.h; path = PLKBundledOut.h; sourceTree = "<group>"; };
		ED1CE21B1B7186B10096585B /* PLKBundledOut.m */ = {isa = PBXFileReference; fileEncoding = 4; lastKnownFileType = sourcecode.c.objc; path = PLKBundledOut.m; sourceTree = "<group>"; };
		ED1CE2201B72563A0096585B /* PLKSh.h */ = {isa = PBXFileReference; fileEncoding = 4; lastKnownFileType = sourcecode.c.h; path = PLKSh.h; sourceTree = "<group>"; };
		ED1CE2211B72563A0096585B /* PLKSh.m */ = {isa = PBXFileReference; fileEncoding = 4; lastKnownFileType = sourcecode.c.objc; path = PLKSh.m; sourceTree = "<group>"; };
		ED1CE2261B72C6360096585B /* PLKFileReader.h */ = {isa = PBXFileReference; fileEncoding = 4; lastKnownFileType = sourcecode.c.h; path = PLKFileReader.h; sourceTree = "<group>"; };
		ED1CE2271B72C6360096585B /* PLKFileReader.m */ = {isa = PBXFileReference; fileEncoding = 4; lastKnownFileType = sourcecode.c.objc; path = PLKFileReader.m; sourceTree = "<group>"; };
		ED2C90481C08C72A00597ABA /* MKBlockingQueue.h */ = {isa = PBXFileReference; fileEncoding = 4; lastKnownFileType = sourcecode.c.h; name = MKBlockingQueue.h; path = planck/MKBlockingQueue/MKBlockingQueue.h; sourceTree = "<group>"; };
		ED2C90491C08C72A00597ABA /* MKBlockingQueue.m */ = {isa = PBXFileReference; fileEncoding = 4; lastKnownFileType = sourcecode.c.objc; name = MKBlockingQueue.m; path = planck/MKBlockingQueue/MKBlockingQueue.m; sourceTree = "<group>"; };
		ED3C43CB1CD834A20009CE08 /* MPEdn-Prefix.pch */ = {isa = PBXFileReference; lastKnownFileType = sourcecode.c.h; path = "MPEdn-Prefix.pch"; sourceTree = "<group>"; };
		ED3C43CC1CD834A20009CE08 /* MPEdn.h */ = {isa = PBXFileReference; lastKnownFileType = sourcecode.c.h; path = MPEdn.h; sourceTree = "<group>"; };
		ED3C43CD1CD834A20009CE08 /* MPEdnBase64Codec.h */ = {isa = PBXFileReference; lastKnownFileType = sourcecode.c.h; path = MPEdnBase64Codec.h; sourceTree = "<group>"; };
		ED3C43CE1CD834A20009CE08 /* MPEdnBase64Codec.m */ = {isa = PBXFileReference; lastKnownFileType = sourcecode.c.objc; path = MPEdnBase64Codec.m; sourceTree = "<group>"; };
		ED3C43CF1CD834A20009CE08 /* MPEdnDateCodec.h */ = {isa = PBXFileReference; lastKnownFileType = sourcecode.c.h; path = MPEdnDateCodec.h; sourceTree = "<group>"; };
		ED3C43D01CD834A20009CE08 /* MPEdnDateCodec.m */ = {isa = PBXFileReference; lastKnownFileType = sourcecode.c.objc; path = MPEdnDateCodec.m; sourceTree = "<group>"; };
		ED3C43D11CD834A20009CE08 /* MPEdnKeyword.h */ = {isa = PBXFileReference; lastKnownFileType = sourcecode.c.h; path = MPEdnKeyword.h; sourceTree = "<group>"; };
		ED3C43D21CD834A20009CE08 /* MPEdnKeyword.m */ = {isa = PBXFileReference; lastKnownFileType = sourcecode.c.objc; path = MPEdnKeyword.m; sourceTree = "<group>"; };
		ED3C43D31CD834A20009CE08 /* MPEdnParser.h */ = {isa = PBXFileReference; lastKnownFileType = sourcecode.c.h; path = MPEdnParser.h; sourceTree = "<group>"; };
		ED3C43D41CD834A20009CE08 /* MPEdnParser.m */ = {isa = PBXFileReference; lastKnownFileType = sourcecode.c.objc; path = MPEdnParser.m; sourceTree = "<group>"; };
		ED3C43D51CD834A20009CE08 /* MPEdnSymbol.h */ = {isa = PBXFileReference; lastKnownFileType = sourcecode.c.h; path = MPEdnSymbol.h; sourceTree = "<group>"; };
		ED3C43D61CD834A20009CE08 /* MPEdnSymbol.m */ = {isa = PBXFileReference; lastKnownFileType = sourcecode.c.objc; path = MPEdnSymbol.m; sourceTree = "<group>"; };
		ED3C43D71CD834A20009CE08 /* MPEdnTaggedValue.h */ = {isa = PBXFileReference; lastKnownFileType = sourcecode.c.h; path = MPEdnTaggedValue.h; sourceTree = "<group>"; };
		ED3C43D81CD834A20009CE08 /* MPEdnTaggedValue.m */ = {isa = PBXFileReference; lastKnownFileType = sourcecode.c.objc; path = MPEdnTaggedValue.m; sourceTree = "<group>"; };
		ED3C43D91CD834A20009CE08 /* MPEdnTaggedValueReader.h */ = {isa = PBXFileReference; lastKnownFileType = sourcecode.c.h; path = MPEdnTaggedValueReader.h; sourceTree = "<group>"; };
		ED3C43DA1CD834A20009CE08 /* MPEdnTaggedValueWriter.h */ = {isa = PBXFileReference; lastKnownFileType = sourcecode.c.h; path = MPEdnTaggedValueWriter.h; sourceTree = "<group>"; };
		ED3C43DB1CD834A20009CE08 /* MPEdnURLCodec.h */ = {isa = PBXFileReference; lastKnownFileType = sourcecode.c.h; path = MPEdnURLCodec.h; sourceTree = "<group>"; };
		ED3C43DC1CD834A20009CE08 /* MPEdnURLCodec.m */ = {isa = PBXFileReference; lastKnownFileType = sourcecode.c.objc; path = MPEdnURLCodec.m; sourceTree = "<group>"; };
		ED3C43DD1CD834A20009CE08 /* MPEdnUUIDCodec.h */ = {isa = PBXFileReference; lastKnownFileType = sourcecode.c.h; path = MPEdnUUIDCodec.h; sourceTree = "<group>"; };
		ED3C43DE1CD834A20009CE08 /* MPEdnUUIDCodec.m */ = {isa = PBXFileReference; lastKnownFileType = sourcecode.c.objc; path = MPEdnUUIDCodec.m; sourceTree = "<group>"; };
		ED3C43DF1CD834A20009CE08 /* MPEdnWriter.h */ = {isa = PBXFileReference; lastKnownFileType = sourcecode.c.h; path = MPEdnWriter.h; sourceTree = "<group>"; };
		ED3C43E01CD834A20009CE08 /* MPEdnWriter.m */ = {isa = PBXFileReference; lastKnownFileType = sourcecode.c.objc; path = MPEdnWriter.m; sourceTree = "<group>"; };
		ED4919571B6EB9520084F9C5 /* linenoise.c */ = {isa = PBXFileReference; fileEncoding = 4; lastKnownFileType = sourcecode.c.c; name = linenoise.c; path = planck/linenoise/linenoise.c; sourceTree = "<group>"; };
		ED4919581B6EB9520084F9C5 /* linenoise.h */ = {isa = PBXFileReference; fileEncoding = 4; lastKnownFileType = sourcecode.c.h; name = linenoise.h; path = planck/linenoise/linenoise.h; sourceTree = "<group>"; };
		ED4B2E121B88021F00DF622A /* PLKUtils.h */ = {isa = PBXFileReference; fileEncoding = 4; lastKnownFileType = sourcecode.c.h; path = PLKUtils.h; sourceTree = "<group>"; };
		ED4B2E131B88021F00DF622A /* PLKUtils.m */ = {isa = PBXFileReference; fileEncoding = 4; lastKnownFileType = sourcecode.c.objc; path = PLKUtils.m; sourceTree = "<group>"; };
		ED4B2E151B88A62100DF622A /* PLKFileInputStream.h */ = {isa = PBXFileReference; fileEncoding = 4; lastKnownFileType = sourcecode.c.h; path = PLKFileInputStream.h; sourceTree = "<group>"; };
		ED4B2E161B88A62100DF622A /* PLKFileInputStream.m */ = {isa = PBXFileReference; fileEncoding = 4; lastKnownFileType = sourcecode.c.objc; path = PLKFileInputStream.m; sourceTree = "<group>"; };
		ED4B2E181B88A65C00DF622A /* PLKFileOutputStream.h */ = {isa = PBXFileReference; fileEncoding = 4; lastKnownFileType = sourcecode.c.h; path = PLKFileOutputStream.h; sourceTree = "<group>"; };
		ED4B2E191B88A65C00DF622A /* PLKFileOutputStream.m */ = {isa = PBXFileReference; fileEncoding = 4; lastKnownFileType = sourcecode.c.objc; path = PLKFileOutputStream.m; sourceTree = "<group>"; };
		ED8DBF7F1B77732F00BBA2FA /* PLKFileWriter.h */ = {isa = PBXFileReference; fileEncoding = 4; lastKnownFileType = sourcecode.c.h; path = PLKFileWriter.h; sourceTree = "<group>"; };
		ED8DBF801B77732F00BBA2FA /* PLKFileWriter.m */ = {isa = PBXFileReference; fileEncoding = 4; lastKnownFileType = sourcecode.c.objc; path = PLKFileWriter.m; sourceTree = "<group>"; };
		ED9C148C1B57C21E0092866D /* planck */ = {isa = PBXFileReference; explicitFileType = "compiled.mach-o.executable"; includeInIndex = 0; path = planck; sourceTree = BUILT_PRODUCTS_DIR; };
		ED9C148F1B57C21E0092866D /* main.m */ = {isa = PBXFileReference; lastKnownFileType = sourcecode.c.objc; path = main.m; sourceTree = "<group>"; };
		EDBB01901C6E074400F64844 /* PLKTheme.h */ = {isa = PBXFileReference; fileEncoding = 4; lastKnownFileType = sourcecode.c.h; path = PLKTheme.h; sourceTree = "<group>"; };
		EDBB01911C6E074400F64844 /* PLKTheme.m */ = {isa = PBXFileReference; fileEncoding = 4; lastKnownFileType = sourcecode.c.objc; path = PLKTheme.m; sourceTree = "<group>"; };
		EDBB01931C6E365400F64844 /* AppKit.framework */ = {isa = PBXFileReference; lastKnownFileType = wrapper.framework; name = AppKit.framework; path = Platforms/MacOSX.platform/Developer/SDKs/MacOSX10.11.sdk/System/Library/Frameworks/AppKit.framework; sourceTree = DEVELOPER_DIR; };
		EDBB06FF1B7CE23400D8C6C6 /* libz.dylib */ = {isa = PBXFileReference; lastKnownFileType = "compiled.mach-o.dylib"; name = libz.dylib; path = usr/lib/libz.dylib; sourceTree = SDKROOT; };
		EDBB07011B7EADE300D8C6C6 /* PLKLegal.h */ = {isa = PBXFileReference; fileEncoding = 4; lastKnownFileType = sourcecode.c.h; path = PLKLegal.h; sourceTree = "<group>"; };
		EDBB07021B7EADE300D8C6C6 /* PLKLegal.m */ = {isa = PBXFileReference; fileEncoding = 4; lastKnownFileType = sourcecode.c.objc; path = PLKLegal.m; sourceTree = "<group>"; };
		EDE838551B57C5E2002F56D7 /* JavaScriptCore.framework */ = {isa = PBXFileReference; lastKnownFileType = wrapper.framework; name = JavaScriptCore.framework; path = System/Library/Frameworks/JavaScriptCore.framework; sourceTree = SDKROOT; };
		EDEEDDA01B6FE2D000DF10C1 /* ABYContextManager.h */ = {isa = PBXFileReference; fileEncoding = 4; lastKnownFileType = sourcecode.c.h; name = ABYContextManager.h; path = ambly/ABYContextManager.h; sourceTree = "<group>"; };
		EDEEDDA11B6FE2D000DF10C1 /* ABYContextManager.m */ = {isa = PBXFileReference; fileEncoding = 4; lastKnownFileType = sourcecode.c.objc; name = ABYContextManager.m; path = ambly/ABYContextManager.m; sourceTree = "<group>"; };
		EDEEDDA21B6FE2D000DF10C1 /* ABYUtils.h */ = {isa = PBXFileReference; fileEncoding = 4; lastKnownFileType = sourcecode.c.h; name = ABYUtils.h; path = ambly/ABYUtils.h; sourceTree = "<group>"; };
		EDEEDDA31B6FE2D000DF10C1 /* ABYUtils.m */ = {isa = PBXFileReference; fileEncoding = 4; lastKnownFileType = sourcecode.c.objc; name = ABYUtils.m; path = ambly/ABYUtils.m; sourceTree = "<group>"; };
		EDEF27731B84B79D00F2C7E4 /* Info.plist */ = {isa = PBXFileReference; fileEncoding = 4; lastKnownFileType = text.plist.xml; path = Info.plist; sourceTree = "<group>"; };
		EDEF27741B84B79D00F2C7E4 /* ZipZap.h */ = {isa = PBXFileReference; fileEncoding = 4; lastKnownFileType = sourcecode.c.h; path = ZipZap.h; sourceTree = "<group>"; };
		EDEF27751B84B79D00F2C7E4 /* ZZAESDecryptInputStream.h */ = {isa = PBXFileReference; fileEncoding = 4; lastKnownFileType = sourcecode.c.h; path = ZZAESDecryptInputStream.h; sourceTree = "<group>"; };
		EDEF27761B84B79D00F2C7E4 /* ZZAESDecryptInputStream.mm */ = {isa = PBXFileReference; fileEncoding = 4; lastKnownFileType = sourcecode.cpp.objcpp; path = ZZAESDecryptInputStream.mm; sourceTree = "<group>"; };
		EDEF27771B84B79D00F2C7E4 /* ZZArchive.h */ = {isa = PBXFileReference; fileEncoding = 4; lastKnownFileType = sourcecode.c.h; path = ZZArchive.h; sourceTree = "<group>"; };
		EDEF27781B84B79D00F2C7E4 /* ZZArchive.mm */ = {isa = PBXFileReference; fileEncoding = 4; lastKnownFileType = sourcecode.cpp.objcpp; path = ZZArchive.mm; sourceTree = "<group>"; };
		EDEF27791B84B79D00F2C7E4 /* ZZArchiveEntry.h */ = {isa = PBXFileReference; fileEncoding = 4; lastKnownFileType = sourcecode.c.h; path = ZZArchiveEntry.h; sourceTree = "<group>"; };
		EDEF277A1B84B79D00F2C7E4 /* ZZArchiveEntry.m */ = {isa = PBXFileReference; fileEncoding = 4; lastKnownFileType = sourcecode.c.objc; path = ZZArchiveEntry.m; sourceTree = "<group>"; };
		EDEF277B1B84B79D00F2C7E4 /* ZZArchiveEntryWriter.h */ = {isa = PBXFileReference; fileEncoding = 4; lastKnownFileType = sourcecode.c.h; path = ZZArchiveEntryWriter.h; sourceTree = "<group>"; };
		EDEF277C1B84B79D00F2C7E4 /* ZZChannel.h */ = {isa = PBXFileReference; fileEncoding = 4; lastKnownFileType = sourcecode.c.h; path = ZZChannel.h; sourceTree = "<group>"; };
		EDEF277D1B84B79D00F2C7E4 /* ZZChannelOutput.h */ = {isa = PBXFileReference; fileEncoding = 4; lastKnownFileType = sourcecode.c.h; path = ZZChannelOutput.h; sourceTree = "<group>"; };
		EDEF277E1B84B79D00F2C7E4 /* ZZConstants.h */ = {isa = PBXFileReference; fileEncoding = 4; lastKnownFileType = sourcecode.c.h; path = ZZConstants.h; sourceTree = "<group>"; };
		EDEF277F1B84B79D00F2C7E4 /* ZZConstants.m */ = {isa = PBXFileReference; fileEncoding = 4; lastKnownFileType = sourcecode.c.objc; path = ZZConstants.m; sourceTree = "<group>"; };
		EDEF27801B84B79D00F2C7E4 /* ZZDataChannel.h */ = {isa = PBXFileReference; fileEncoding = 4; lastKnownFileType = sourcecode.c.h; path = ZZDataChannel.h; sourceTree = "<group>"; };
		EDEF27811B84B79D00F2C7E4 /* ZZDataChannel.m */ = {isa = PBXFileReference; fileEncoding = 4; lastKnownFileType = sourcecode.c.objc; path = ZZDataChannel.m; sourceTree = "<group>"; };
		EDEF27821B84B79D00F2C7E4 /* ZZDataChannelOutput.h */ = {isa = PBXFileReference; fileEncoding = 4; lastKnownFileType = sourcecode.c.h; path = ZZDataChannelOutput.h; sourceTree = "<group>"; };
		EDEF27831B84B79D00F2C7E4 /* ZZDataChannelOutput.m */ = {isa = PBXFileReference; fileEncoding = 4; lastKnownFileType = sourcecode.c.objc; path = ZZDataChannelOutput.m; sourceTree = "<group>"; };
		EDEF27841B84B79D00F2C7E4 /* ZZDataProvider.h */ = {isa = PBXFileReference; fileEncoding = 4; lastKnownFileType = sourcecode.c.h; path = ZZDataProvider.h; sourceTree = "<group>"; };
		EDEF27851B84B79D00F2C7E4 /* ZZDeflateOutputStream.h */ = {isa = PBXFileReference; fileEncoding = 4; lastKnownFileType = sourcecode.c.h; path = ZZDeflateOutputStream.h; sourceTree = "<group>"; };
		EDEF27861B84B79D00F2C7E4 /* ZZDeflateOutputStream.m */ = {isa = PBXFileReference; fileEncoding = 4; lastKnownFileType = sourcecode.c.objc; path = ZZDeflateOutputStream.m; sourceTree = "<group>"; };
		EDEF27871B84B79D00F2C7E4 /* ZZError.h */ = {isa = PBXFileReference; fileEncoding = 4; lastKnownFileType = sourcecode.c.h; path = ZZError.h; sourceTree = "<group>"; };
		EDEF27881B84B79D00F2C7E4 /* ZZError.m */ = {isa = PBXFileReference; fileEncoding = 4; lastKnownFileType = sourcecode.c.objc; path = ZZError.m; sourceTree = "<group>"; };
		EDEF27891B84B79D00F2C7E4 /* ZZFileChannel.h */ = {isa = PBXFileReference; fileEncoding = 4; lastKnownFileType = sourcecode.c.h; path = ZZFileChannel.h; sourceTree = "<group>"; };
		EDEF278A1B84B79D00F2C7E4 /* ZZFileChannel.m */ = {isa = PBXFileReference; fileEncoding = 4; lastKnownFileType = sourcecode.c.objc; path = ZZFileChannel.m; sourceTree = "<group>"; };
		EDEF278B1B84B79D00F2C7E4 /* ZZFileChannelOutput.h */ = {isa = PBXFileReference; fileEncoding = 4; lastKnownFileType = sourcecode.c.h; path = ZZFileChannelOutput.h; sourceTree = "<group>"; };
		EDEF278C1B84B79D00F2C7E4 /* ZZFileChannelOutput.m */ = {isa = PBXFileReference; fileEncoding = 4; lastKnownFileType = sourcecode.c.objc; path = ZZFileChannelOutput.m; sourceTree = "<group>"; };
		EDEF278D1B84B79D00F2C7E4 /* ZZHeaders.h */ = {isa = PBXFileReference; fileEncoding = 4; lastKnownFileType = sourcecode.c.h; path = ZZHeaders.h; sourceTree = "<group>"; };
		EDEF278E1B84B79D00F2C7E4 /* ZZInflateInputStream.h */ = {isa = PBXFileReference; fileEncoding = 4; lastKnownFileType = sourcecode.c.h; path = ZZInflateInputStream.h; sourceTree = "<group>"; };
		EDEF278F1B84B79D00F2C7E4 /* ZZInflateInputStream.m */ = {isa = PBXFileReference; fileEncoding = 4; lastKnownFileType = sourcecode.c.objc; path = ZZInflateInputStream.m; sourceTree = "<group>"; };
		EDEF27901B84B79D00F2C7E4 /* ZZNewArchiveEntry.h */ = {isa = PBXFileReference; fileEncoding = 4; lastKnownFileType = sourcecode.c.h; path = ZZNewArchiveEntry.h; sourceTree = "<group>"; };
		EDEF27911B84B79D00F2C7E4 /* ZZNewArchiveEntry.mm */ = {isa = PBXFileReference; fileEncoding = 4; lastKnownFileType = sourcecode.cpp.objcpp; path = ZZNewArchiveEntry.mm; sourceTree = "<group>"; };
		EDEF27921B84B79D00F2C7E4 /* ZZNewArchiveEntryWriter.h */ = {isa = PBXFileReference; fileEncoding = 4; lastKnownFileType = sourcecode.c.h; path = ZZNewArchiveEntryWriter.h; sourceTree = "<group>"; };
		EDEF27931B84B79D00F2C7E4 /* ZZNewArchiveEntryWriter.mm */ = {isa = PBXFileReference; fileEncoding = 4; lastKnownFileType = sourcecode.cpp.objcpp; path = ZZNewArchiveEntryWriter.mm; sourceTree = "<group>"; };
		EDEF27941B84B79D00F2C7E4 /* ZZOldArchiveEntry.h */ = {isa = PBXFileReference; fileEncoding = 4; lastKnownFileType = sourcecode.c.h; path = ZZOldArchiveEntry.h; sourceTree = "<group>"; };
		EDEF27951B84B79D00F2C7E4 /* ZZOldArchiveEntry.mm */ = {isa = PBXFileReference; fileEncoding = 4; lastKnownFileType = sourcecode.cpp.objcpp; path = ZZOldArchiveEntry.mm; sourceTree = "<group>"; };
		EDEF27961B84B79D00F2C7E4 /* ZZOldArchiveEntryWriter.h */ = {isa = PBXFileReference; fileEncoding = 4; lastKnownFileType = sourcecode.c.h; path = ZZOldArchiveEntryWriter.h; sourceTree = "<group>"; };
		EDEF27971B84B79D00F2C7E4 /* ZZOldArchiveEntryWriter.mm */ = {isa = PBXFileReference; fileEncoding = 4; lastKnownFileType = sourcecode.cpp.objcpp; path = ZZOldArchiveEntryWriter.mm; sourceTree = "<group>"; };
		EDEF27981B84B79D00F2C7E4 /* ZZScopeGuard.h */ = {isa = PBXFileReference; fileEncoding = 4; lastKnownFileType = sourcecode.c.h; path = ZZScopeGuard.h; sourceTree = "<group>"; };
		EDEF27991B84B79D00F2C7E4 /* ZZStandardCryptoEngine.cpp */ = {isa = PBXFileReference; fileEncoding = 4; lastKnownFileType = sourcecode.cpp.cpp; path = ZZStandardCryptoEngine.cpp; sourceTree = "<group>"; };
		EDEF279A1B84B79D00F2C7E4 /* ZZStandardCryptoEngine.h */ = {isa = PBXFileReference; fileEncoding = 4; lastKnownFileType = sourcecode.c.h; path = ZZStandardCryptoEngine.h; sourceTree = "<group>"; };
		EDEF279B1B84B79D00F2C7E4 /* ZZStandardDecryptInputStream.h */ = {isa = PBXFileReference; fileEncoding = 4; lastKnownFileType = sourcecode.c.h; path = ZZStandardDecryptInputStream.h; sourceTree = "<group>"; };
		EDEF279C1B84B79D00F2C7E4 /* ZZStandardDecryptInputStream.mm */ = {isa = PBXFileReference; fileEncoding = 4; lastKnownFileType = sourcecode.cpp.objcpp; path = ZZStandardDecryptInputStream.mm; sourceTree = "<group>"; };
		EDEF279D1B84B79D00F2C7E4 /* ZZStoreOutputStream.h */ = {isa = PBXFileReference; fileEncoding = 4; lastKnownFileType = sourcecode.c.h; path = ZZStoreOutputStream.h; sourceTree = "<group>"; };
		EDEF279E1B84B79D00F2C7E4 /* ZZStoreOutputStream.m */ = {isa = PBXFileReference; fileEncoding = 4; lastKnownFileType = sourcecode.c.objc; path = ZZStoreOutputStream.m; sourceTree = "<group>"; };
/* End PBXFileReference section */

/* Begin PBXFrameworksBuildPhase section */
		ED9C14891B57C21E0092866D /* Frameworks */ = {
			isa = PBXFrameworksBuildPhase;
			buildActionMask = 2147483647;
			files = (
				EDBB01941C6E365400F64844 /* AppKit.framework in Frameworks */,
				EDBB07001B7CE23400D8C6C6 /* libz.dylib in Frameworks */,
				EDE838561B57C5E2002F56D7 /* JavaScriptCore.framework in Frameworks */,
			);
			runOnlyForDeploymentPostprocessing = 0;
		};
/* End PBXFrameworksBuildPhase section */

/* Begin PBXGroup section */
		35A6B03D755C734C71B409B1 /* Frameworks */ = {
			isa = PBXGroup;
			children = (
				EDBB01931C6E365400F64844 /* AppKit.framework */,
				EDBB06FF1B7CE23400D8C6C6 /* libz.dylib */,
				EDE838551B57C5E2002F56D7 /* JavaScriptCore.framework */,
			);
			name = Frameworks;
			sourceTree = "<group>";
		};
		ED1CE2131B7048490096585B /* Ambly */ = {
			isa = PBXGroup;
			children = (
				EDEEDDA01B6FE2D000DF10C1 /* ABYContextManager.h */,
				EDEEDDA11B6FE2D000DF10C1 /* ABYContextManager.m */,
				EDEEDDA21B6FE2D000DF10C1 /* ABYUtils.h */,
				EDEEDDA31B6FE2D000DF10C1 /* ABYUtils.m */,
			);
			name = Ambly;
			path = planck;
			sourceTree = "<group>";
		};
		ED2C90471C08C70700597ABA /* MKBlockingQueue */ = {
			isa = PBXGroup;
			children = (
				ED2C90481C08C72A00597ABA /* MKBlockingQueue.h */,
				ED2C90491C08C72A00597ABA /* MKBlockingQueue.m */,
			);
			name = MKBlockingQueue;
			sourceTree = "<group>";
		};
		ED3C43CA1CD834A20009CE08 /* MPEdn */ = {
			isa = PBXGroup;
			children = (
				ED3C43CB1CD834A20009CE08 /* MPEdn-Prefix.pch */,
				ED3C43CC1CD834A20009CE08 /* MPEdn.h */,
				ED3C43CD1CD834A20009CE08 /* MPEdnBase64Codec.h */,
				ED3C43CE1CD834A20009CE08 /* MPEdnBase64Codec.m */,
				ED3C43CF1CD834A20009CE08 /* MPEdnDateCodec.h */,
				ED3C43D01CD834A20009CE08 /* MPEdnDateCodec.m */,
				ED3C43D11CD834A20009CE08 /* MPEdnKeyword.h */,
				ED3C43D21CD834A20009CE08 /* MPEdnKeyword.m */,
				ED3C43D31CD834A20009CE08 /* MPEdnParser.h */,
				ED3C43D41CD834A20009CE08 /* MPEdnParser.m */,
				ED3C43D51CD834A20009CE08 /* MPEdnSymbol.h */,
				ED3C43D61CD834A20009CE08 /* MPEdnSymbol.m */,
				ED3C43D71CD834A20009CE08 /* MPEdnTaggedValue.h */,
				ED3C43D81CD834A20009CE08 /* MPEdnTaggedValue.m */,
				ED3C43D91CD834A20009CE08 /* MPEdnTaggedValueReader.h */,
				ED3C43DA1CD834A20009CE08 /* MPEdnTaggedValueWriter.h */,
				ED3C43DB1CD834A20009CE08 /* MPEdnURLCodec.h */,
				ED3C43DC1CD834A20009CE08 /* MPEdnURLCodec.m */,
				ED3C43DD1CD834A20009CE08 /* MPEdnUUIDCodec.h */,
				ED3C43DE1CD834A20009CE08 /* MPEdnUUIDCodec.m */,
				ED3C43DF1CD834A20009CE08 /* MPEdnWriter.h */,
				ED3C43E01CD834A20009CE08 /* MPEdnWriter.m */,
			);
			name = MPEdn;
			path = planck/ZipZap/MPEdn;
			sourceTree = "<group>";
		};
		ED4919561B6EB9180084F9C5 /* linenoise */ = {
			isa = PBXGroup;
			children = (
				ED4919581B6EB9520084F9C5 /* linenoise.h */,
				ED4919571B6EB9520084F9C5 /* linenoise.c */,
			);
			name = linenoise;
			sourceTree = "<group>";
		};
		ED9C14831B57C21E0092866D = {
			isa = PBXGroup;
			children = (
				ED9C148E1B57C21E0092866D /* planck */,
				ED1CE2131B7048490096585B /* Ambly */,
				ED4919561B6EB9180084F9C5 /* linenoise */,
				ED2C90471C08C70700597ABA /* MKBlockingQueue */,
				ED3C43CA1CD834A20009CE08 /* MPEdn */,
				EDEF27721B84B79D00F2C7E4 /* ZipZap */,
				ED9C148D1B57C21E0092866D /* Products */,
				35A6B03D755C734C71B409B1 /* Frameworks */,
			);
			sourceTree = "<group>";
		};
		ED9C148D1B57C21E0092866D /* Products */ = {
			isa = PBXGroup;
			children = (
				ED9C148C1B57C21E0092866D /* planck */,
			);
			name = Products;
			sourceTree = "<group>";
		};
		ED9C148E1B57C21E0092866D /* planck */ = {
			isa = PBXGroup;
			children = (
				03D4A1E71D0AB25A00565E4B /* PLKSocket.h */,
				03D4A1E81D0AB25A00565E4B /* PLKSocket.m */,
				03D4A1E91D0AB25A00565E4B /* PLKConnection.h */,
				03D4A1EA1D0AB25A00565E4B /* PLKConnection.m */,
				ED9C148F1B57C21E0092866D /* main.m */,
				ED1CE2101B7047B70096585B /* PLKCommandLine.h */,
				ED1CE2111B7047B70096585B /* PLKCommandLine.m */,
				ED1CE2141B7049670096585B /* PLKExecutive.h */,
				ED1CE2151B7049670096585B /* PLKExecutive.m */,
				ED1CE20D1B70464F0096585B /* PLKRepl.h */,
				ED1CE20E1B70464F0096585B /* PLKRepl.m */,
				EDBB01901C6E074400F64844 /* PLKTheme.h */,
				EDBB01911C6E074400F64844 /* PLKTheme.m */,
				ED1CE2171B704FF10096585B /* PLKClojureScriptEngine.h */,
				ED1CE2181B704FF10096585B /* PLKClojureScriptEngine.m */,
				E7FE09C11B713C70009D090C /* PLKScript.h */,
				E7FE09C21B713C70009D090C /* PLKScript.m */,
				ED1CE2201B72563A0096585B /* PLKSh.h */,
				ED1CE2211B72563A0096585B /* PLKSh.m */,
				ED1CE21A1B7186B10096585B /* PLKBundledOut.h */,
				ED1CE21B1B7186B10096585B /* PLKBundledOut.m */,
				ED1CE2261B72C6360096585B /* PLKFileReader.h */,
				ED1CE2271B72C6360096585B /* PLKFileReader.m */,
				ED8DBF7F1B77732F00BBA2FA /* PLKFileWriter.h */,
				ED8DBF801B77732F00BBA2FA /* PLKFileWriter.m */,
				ED4B2E151B88A62100DF622A /* PLKFileInputStream.h */,
				ED4B2E161B88A62100DF622A /* PLKFileInputStream.m */,
				ED4B2E181B88A65C00DF622A /* PLKFileOutputStream.h */,
				ED4B2E191B88A65C00DF622A /* PLKFileOutputStream.m */,
				EDBB07011B7EADE300D8C6C6 /* PLKLegal.h */,
				EDBB07021B7EADE300D8C6C6 /* PLKLegal.m */,
				ED4B2E121B88021F00DF622A /* PLKUtils.h */,
				ED4B2E131B88021F00DF622A /* PLKUtils.m */,
				03D4A1F01D1D60AA00565E4B /* PLKSocketListener.m */,
				03D4A1F21D1D617500565E4B /* PLKSocketListener.h */,
			);
			path = planck;
			sourceTree = "<group>";
		};
		EDEF27721B84B79D00F2C7E4 /* ZipZap */ = {
			isa = PBXGroup;
			children = (
				EDEF27731B84B79D00F2C7E4 /* Info.plist */,
				EDEF27741B84B79D00F2C7E4 /* ZipZap.h */,
				EDEF27751B84B79D00F2C7E4 /* ZZAESDecryptInputStream.h */,
				EDEF27761B84B79D00F2C7E4 /* ZZAESDecryptInputStream.mm */,
				EDEF27771B84B79D00F2C7E4 /* ZZArchive.h */,
				EDEF27781B84B79D00F2C7E4 /* ZZArchive.mm */,
				EDEF27791B84B79D00F2C7E4 /* ZZArchiveEntry.h */,
				EDEF277A1B84B79D00F2C7E4 /* ZZArchiveEntry.m */,
				EDEF277B1B84B79D00F2C7E4 /* ZZArchiveEntryWriter.h */,
				EDEF277C1B84B79D00F2C7E4 /* ZZChannel.h */,
				EDEF277D1B84B79D00F2C7E4 /* ZZChannelOutput.h */,
				EDEF277E1B84B79D00F2C7E4 /* ZZConstants.h */,
				EDEF277F1B84B79D00F2C7E4 /* ZZConstants.m */,
				EDEF27801B84B79D00F2C7E4 /* ZZDataChannel.h */,
				EDEF27811B84B79D00F2C7E4 /* ZZDataChannel.m */,
				EDEF27821B84B79D00F2C7E4 /* ZZDataChannelOutput.h */,
				EDEF27831B84B79D00F2C7E4 /* ZZDataChannelOutput.m */,
				EDEF27841B84B79D00F2C7E4 /* ZZDataProvider.h */,
				EDEF27851B84B79D00F2C7E4 /* ZZDeflateOutputStream.h */,
				EDEF27861B84B79D00F2C7E4 /* ZZDeflateOutputStream.m */,
				EDEF27871B84B79D00F2C7E4 /* ZZError.h */,
				EDEF27881B84B79D00F2C7E4 /* ZZError.m */,
				EDEF27891B84B79D00F2C7E4 /* ZZFileChannel.h */,
				EDEF278A1B84B79D00F2C7E4 /* ZZFileChannel.m */,
				EDEF278B1B84B79D00F2C7E4 /* ZZFileChannelOutput.h */,
				EDEF278C1B84B79D00F2C7E4 /* ZZFileChannelOutput.m */,
				EDEF278D1B84B79D00F2C7E4 /* ZZHeaders.h */,
				EDEF278E1B84B79D00F2C7E4 /* ZZInflateInputStream.h */,
				EDEF278F1B84B79D00F2C7E4 /* ZZInflateInputStream.m */,
				EDEF27901B84B79D00F2C7E4 /* ZZNewArchiveEntry.h */,
				EDEF27911B84B79D00F2C7E4 /* ZZNewArchiveEntry.mm */,
				EDEF27921B84B79D00F2C7E4 /* ZZNewArchiveEntryWriter.h */,
				EDEF27931B84B79D00F2C7E4 /* ZZNewArchiveEntryWriter.mm */,
				EDEF27941B84B79D00F2C7E4 /* ZZOldArchiveEntry.h */,
				EDEF27951B84B79D00F2C7E4 /* ZZOldArchiveEntry.mm */,
				EDEF27961B84B79D00F2C7E4 /* ZZOldArchiveEntryWriter.h */,
				EDEF27971B84B79D00F2C7E4 /* ZZOldArchiveEntryWriter.mm */,
				EDEF27981B84B79D00F2C7E4 /* ZZScopeGuard.h */,
				EDEF27991B84B79D00F2C7E4 /* ZZStandardCryptoEngine.cpp */,
				EDEF279A1B84B79D00F2C7E4 /* ZZStandardCryptoEngine.h */,
				EDEF279B1B84B79D00F2C7E4 /* ZZStandardDecryptInputStream.h */,
				EDEF279C1B84B79D00F2C7E4 /* ZZStandardDecryptInputStream.mm */,
				EDEF279D1B84B79D00F2C7E4 /* ZZStoreOutputStream.h */,
				EDEF279E1B84B79D00F2C7E4 /* ZZStoreOutputStream.m */,
			);
			name = ZipZap;
			path = planck/ZipZap;
			sourceTree = "<group>";
		};
/* End PBXGroup section */

/* Begin PBXNativeTarget section */
		ED9C148B1B57C21E0092866D /* planck */ = {
			isa = PBXNativeTarget;
			buildConfigurationList = ED9C14931B57C21E0092866D /* Build configuration list for PBXNativeTarget "planck" */;
			buildPhases = (
				ED9C14881B57C21E0092866D /* Sources */,
				ED9C14891B57C21E0092866D /* Frameworks */,
				ED9C148A1B57C21E0092866D /* CopyFiles */,
			);
			buildRules = (
			);
			dependencies = (
			);
			name = planck;
			productName = planck;
			productReference = ED9C148C1B57C21E0092866D /* planck */;
			productType = "com.apple.product-type.tool";
		};
/* End PBXNativeTarget section */

/* Begin PBXProject section */
		ED9C14841B57C21E0092866D /* Project object */ = {
			isa = PBXProject;
			attributes = {
				LastUpgradeCheck = 0640;
				ORGANIZATIONNAME = FikesFarm;
				TargetAttributes = {
					ED9C148B1B57C21E0092866D = {
						CreatedOnToolsVersion = 6.4;
					};
				};
			};
			buildConfigurationList = ED9C14871B57C21E0092866D /* Build configuration list for PBXProject "planck" */;
			compatibilityVersion = "Xcode 3.2";
			developmentRegion = English;
			hasScannedForEncodings = 0;
			knownRegions = (
				en,
			);
			mainGroup = ED9C14831B57C21E0092866D;
			productRefGroup = ED9C148D1B57C21E0092866D /* Products */;
			projectDirPath = "";
			projectRoot = "";
			targets = (
				ED9C148B1B57C21E0092866D /* planck */,
			);
		};
/* End PBXProject section */

/* Begin PBXSourcesBuildPhase section */
		ED9C14881B57C21E0092866D /* Sources */ = {
			isa = PBXSourcesBuildPhase;
			buildActionMask = 2147483647;
			files = (
				EDEF27A51B84B79D00F2C7E4 /* ZZDeflateOutputStream.m in Sources */,
				03D4A1EC1D0AB25A00565E4B /* PLKConnection.m in Sources */,
				ED1CE2121B7047B70096585B /* PLKCommandLine.m in Sources */,
				ED1CE2281B72C6360096585B /* PLKFileReader.m in Sources */,
				03D4A1F11D1D60AA00565E4B /* PLKSocketListener.m in Sources */,
				03D4A1EB1D0AB25A00565E4B /* PLKSocket.m in Sources */,
				EDEF27AF1B84B79D00F2C7E4 /* ZZStandardDecryptInputStream.mm in Sources */,
				EDEF27AE1B84B79D00F2C7E4 /* ZZStandardCryptoEngine.cpp in Sources */,
				ED4B2E141B88021F00DF622A /* PLKUtils.m in Sources */,
				ED3C43E61CD835080009CE08 /* MPEdnTaggedValue.m in Sources */,
				EDEEDDA41B6FE2D000DF10C1 /* ABYContextManager.m in Sources */,
				EDEEDDA51B6FE2D000DF10C1 /* ABYUtils.m in Sources */,
				EDEF27AA1B84B79D00F2C7E4 /* ZZNewArchiveEntry.mm in Sources */,
				ED3C43E41CD835000009CE08 /* MPEdnParser.m in Sources */,
				ED3C43E51CD835030009CE08 /* MPEdnSymbol.m in Sources */,
				EDBB07031B7EADE300D8C6C6 /* PLKLegal.m in Sources */,
				ED3C43E31CD834FD0009CE08 /* MPEdnKeyword.m in Sources */,
				EDEF27A21B84B79D00F2C7E4 /* ZZConstants.m in Sources */,
				EDEF27AD1B84B79D00F2C7E4 /* ZZOldArchiveEntryWriter.mm in Sources */,
				ED4B2E171B88A62100DF622A /* PLKFileInputStream.m in Sources */,
				ED8DBF811B77732F00BBA2FA /* PLKFileWriter.m in Sources */,
				EDEF27A91B84B79D00F2C7E4 /* ZZInflateInputStream.m in Sources */,
				EDEF27A01B84B79D00F2C7E4 /* ZZArchive.mm in Sources */,
				EDEF279F1B84B79D00F2C7E4 /* ZZAESDecryptInputStream.mm in Sources */,
				EDEF27A61B84B79D00F2C7E4 /* ZZError.m in Sources */,
				E7FE09C31B713C70009D090C /* PLKScript.m in Sources */,
				ED1CE2221B72563A0096585B /* PLKSh.m in Sources */,
				ED4919591B6EB9520084F9C5 /* linenoise.c in Sources */,
				EDEF27AB1B84B79D00F2C7E4 /* ZZNewArchiveEntryWriter.mm in Sources */,
				ED3C43E81CD835130009CE08 /* MPEdnUUIDCodec.m in Sources */,
				ED3C43E11CD834F60009CE08 /* MPEdnBase64Codec.m in Sources */,
				EDEF27A81B84B79D00F2C7E4 /* ZZFileChannelOutput.m in Sources */,
				EDBB01921C6E074400F64844 /* PLKTheme.m in Sources */,
				ED9C14901B57C21E0092866D /* main.m in Sources */,
				EDEF27A11B84B79D00F2C7E4 /* ZZArchiveEntry.m in Sources */,
				ED3C43E71CD835100009CE08 /* MPEdnURLCodec.m in Sources */,
				ED1CE20F1B70464F0096585B /* PLKRepl.m in Sources */,
				EDEF27AC1B84B79D00F2C7E4 /* ZZOldArchiveEntry.mm in Sources */,
				ED1CE2191B704FF10096585B /* PLKClojureScriptEngine.m in Sources */,
				EDEF27A31B84B79D00F2C7E4 /* ZZDataChannel.m in Sources */,
				EDEF27A41B84B79D00F2C7E4 /* ZZDataChannelOutput.m in Sources */,
				ED3C43E21CD834FA0009CE08 /* MPEdnDateCodec.m in Sources */,
				ED2C904A1C08C72A00597ABA /* MKBlockingQueue.m in Sources */,
				ED1CE2161B7049670096585B /* PLKExecutive.m in Sources */,
				ED3C43E91CD835160009CE08 /* MPEdnWriter.m in Sources */,
				EDEF27B01B84B79D00F2C7E4 /* ZZStoreOutputStream.m in Sources */,
				ED1CE21C1B7186B10096585B /* PLKBundledOut.m in Sources */,
				EDEF27A71B84B79D00F2C7E4 /* ZZFileChannel.m in Sources */,
				ED4B2E1A1B88A65C00DF622A /* PLKFileOutputStream.m in Sources */,
			);
			runOnlyForDeploymentPostprocessing = 0;
		};
/* End PBXSourcesBuildPhase section */

/* Begin XCBuildConfiguration section */
		ED9C14911B57C21E0092866D /* Debug */ = {
			isa = XCBuildConfiguration;
			buildSettings = {
				ALWAYS_SEARCH_USER_PATHS = NO;
				ARCHS = "$(ARCHS_STANDARD_64_BIT)";
				CLANG_CXX_LANGUAGE_STANDARD = "gnu++0x";
				CLANG_CXX_LIBRARY = "libc++";
				CLANG_ENABLE_MODULES = YES;
				CLANG_ENABLE_OBJC_ARC = YES;
				CLANG_WARN_BOOL_CONVERSION = YES;
				CLANG_WARN_CONSTANT_CONVERSION = YES;
				CLANG_WARN_DIRECT_OBJC_ISA_USAGE = YES_ERROR;
				CLANG_WARN_EMPTY_BODY = YES;
				CLANG_WARN_ENUM_CONVERSION = YES;
				CLANG_WARN_INT_CONVERSION = YES;
				CLANG_WARN_OBJC_ROOT_CLASS = YES_ERROR;
				CLANG_WARN_UNREACHABLE_CODE = YES;
				CLANG_WARN__DUPLICATE_METHOD_MATCH = YES;
				COPY_PHASE_STRIP = NO;
				DEBUG_INFORMATION_FORMAT = dwarf;
				ENABLE_STRICT_OBJC_MSGSEND = YES;
				GCC_C_LANGUAGE_STANDARD = gnu99;
				GCC_DYNAMIC_NO_PIC = NO;
				GCC_NO_COMMON_BLOCKS = YES;
				GCC_OPTIMIZATION_LEVEL = 0;
				GCC_PREPROCESSOR_DEFINITIONS = (
					"DEBUG=1",
					"$(inherited)",
				);
				GCC_SYMBOLS_PRIVATE_EXTERN = NO;
				GCC_WARN_64_TO_32_BIT_CONVERSION = YES;
				GCC_WARN_ABOUT_RETURN_TYPE = YES_ERROR;
				GCC_WARN_UNDECLARED_SELECTOR = YES;
				GCC_WARN_UNINITIALIZED_AUTOS = YES_AGGRESSIVE;
				GCC_WARN_UNUSED_FUNCTION = YES;
				GCC_WARN_UNUSED_VARIABLE = YES;
				MACOSX_DEPLOYMENT_TARGET = 10.7;
				MTL_ENABLE_DEBUG_INFO = YES;
				ONLY_ACTIVE_ARCH = YES;
				SDKROOT = macosx10.8;
			};
			name = Debug;
		};
		ED9C14921B57C21E0092866D /* Release */ = {
			isa = XCBuildConfiguration;
			buildSettings = {
				ALWAYS_SEARCH_USER_PATHS = NO;
				ARCHS = "$(ARCHS_STANDARD_64_BIT)";
				CLANG_CXX_LANGUAGE_STANDARD = "gnu++0x";
				CLANG_CXX_LIBRARY = "libc++";
				CLANG_ENABLE_MODULES = YES;
				CLANG_ENABLE_OBJC_ARC = YES;
				CLANG_WARN_BOOL_CONVERSION = YES;
				CLANG_WARN_CONSTANT_CONVERSION = YES;
				CLANG_WARN_DIRECT_OBJC_ISA_USAGE = YES_ERROR;
				CLANG_WARN_EMPTY_BODY = YES;
				CLANG_WARN_ENUM_CONVERSION = YES;
				CLANG_WARN_INT_CONVERSION = YES;
				CLANG_WARN_OBJC_ROOT_CLASS = YES_ERROR;
				CLANG_WARN_UNREACHABLE_CODE = YES;
				CLANG_WARN__DUPLICATE_METHOD_MATCH = YES;
				COPY_PHASE_STRIP = NO;
				DEBUG_INFORMATION_FORMAT = "dwarf-with-dsym";
				ENABLE_NS_ASSERTIONS = NO;
				ENABLE_STRICT_OBJC_MSGSEND = YES;
				GCC_C_LANGUAGE_STANDARD = gnu99;
				GCC_NO_COMMON_BLOCKS = YES;
				GCC_WARN_64_TO_32_BIT_CONVERSION = YES;
				GCC_WARN_ABOUT_RETURN_TYPE = YES_ERROR;
				GCC_WARN_UNDECLARED_SELECTOR = YES;
				GCC_WARN_UNINITIALIZED_AUTOS = YES_AGGRESSIVE;
				GCC_WARN_UNUSED_FUNCTION = YES;
				GCC_WARN_UNUSED_VARIABLE = YES;
				MACOSX_DEPLOYMENT_TARGET = 10.7;
				MTL_ENABLE_DEBUG_INFO = NO;
				SDKROOT = macosx10.8;
			};
			name = Release;
		};
		ED9C14941B57C21E0092866D /* Debug */ = {
			isa = XCBuildConfiguration;
			buildSettings = {
				PRODUCT_NAME = "$(TARGET_NAME)";
				SDKROOT = macosx;
			};
			name = Debug;
		};
		ED9C14951B57C21E0092866D /* Release */ = {
			isa = XCBuildConfiguration;
			buildSettings = {
				PRODUCT_NAME = "$(TARGET_NAME)";
				SDKROOT = macosx;
			};
			name = Release;
		};
/* End XCBuildConfiguration section */

/* Begin XCConfigurationList section */
		ED9C14871B57C21E0092866D /* Build configuration list for PBXProject "planck" */ = {
			isa = XCConfigurationList;
			buildConfigurations = (
				ED9C14911B57C21E0092866D /* Debug */,
				ED9C14921B57C21E0092866D /* Release */,
			);
			defaultConfigurationIsVisible = 0;
			defaultConfigurationName = Release;
		};
		ED9C14931B57C21E0092866D /* Build configuration list for PBXNativeTarget "planck" */ = {
			isa = XCConfigurationList;
			buildConfigurations = (
				ED9C14941B57C21E0092866D /* Debug */,
				ED9C14951B57C21E0092866D /* Release */,
			);
			defaultConfigurationIsVisible = 0;
			defaultConfigurationName = Release;
		};
/* End XCConfigurationList section */
	};
	rootObject = ED9C14841B57C21E0092866D /* Project object */;
}
