// !$*UTF8*$!
{
	archiveVersion = 1;
	classes = {
	};
	objectVersion = 46;
	objects = {

/* Begin PBXBuildFile section */
		ED4919591B6EB9520084F9C5 /* linenoise.c in Sources */ = {isa = PBXBuildFile; fileRef = ED4919571B6EB9520084F9C5 /* linenoise.c */; };
		ED51CF761B66D64D00200417 /* CljsRuntime.m in Sources */ = {isa = PBXBuildFile; fileRef = ED51CF751B66D64D00200417 /* CljsRuntime.m */; };
		ED72D3D11B57D8FF00BF6EA2 /* Planck.m in Sources */ = {isa = PBXBuildFile; fileRef = ED72D3D01B57D8FF00BF6EA2 /* Planck.m */; };
		ED9C14901B57C21E0092866D /* main.m in Sources */ = {isa = PBXBuildFile; fileRef = ED9C148F1B57C21E0092866D /* main.m */; };
		EDE838561B57C5E2002F56D7 /* JavaScriptCore.framework in Frameworks */ = {isa = PBXBuildFile; fileRef = EDE838551B57C5E2002F56D7 /* JavaScriptCore.framework */; };
		EDEEDDA41B6FE2D000DF10C1 /* ABYContextManager.m in Sources */ = {isa = PBXBuildFile; fileRef = EDEEDDA11B6FE2D000DF10C1 /* ABYContextManager.m */; };
		EDEEDDA51B6FE2D000DF10C1 /* ABYUtils.m in Sources */ = {isa = PBXBuildFile; fileRef = EDEEDDA31B6FE2D000DF10C1 /* ABYUtils.m */; };
/* End PBXBuildFile section */

/* Begin PBXCopyFilesBuildPhase section */
		ED9C148A1B57C21E0092866D /* CopyFiles */ = {
			isa = PBXCopyFilesBuildPhase;
			buildActionMask = 2147483647;
			dstPath = /usr/share/man/man1/;
			dstSubfolderSpec = 0;
			files = (
			);
			runOnlyForDeploymentPostprocessing = 1;
		};
/* End PBXCopyFilesBuildPhase section */

/* Begin PBXFileReference section */
		C67726A927E96E71200D17FC /* libPods.a */ = {isa = PBXFileReference; explicitFileType = archive.ar; includeInIndex = 0; path = libPods.a; sourceTree = BUILT_PRODUCTS_DIR; };
		ED4919571B6EB9520084F9C5 /* linenoise.c */ = {isa = PBXFileReference; fileEncoding = 4; lastKnownFileType = sourcecode.c.c; name = linenoise.c; path = planck/linenoise/linenoise.c; sourceTree = "<group>"; };
		ED4919581B6EB9520084F9C5 /* linenoise.h */ = {isa = PBXFileReference; fileEncoding = 4; lastKnownFileType = sourcecode.c.h; name = linenoise.h; path = planck/linenoise/linenoise.h; sourceTree = "<group>"; };
		ED51CF741B66CC6200200417 /* CljsRuntime.h */ = {isa = PBXFileReference; lastKnownFileType = sourcecode.c.h; path = CljsRuntime.h; sourceTree = "<group>"; };
		ED51CF751B66D64D00200417 /* CljsRuntime.m */ = {isa = PBXFileReference; fileEncoding = 4; lastKnownFileType = sourcecode.c.objc; path = CljsRuntime.m; sourceTree = "<group>"; };
		ED72D3CF1B57D8FF00BF6EA2 /* Planck.h */ = {isa = PBXFileReference; fileEncoding = 4; lastKnownFileType = sourcecode.c.h; path = Planck.h; sourceTree = "<group>"; };
		ED72D3D01B57D8FF00BF6EA2 /* Planck.m */ = {isa = PBXFileReference; fileEncoding = 4; lastKnownFileType = sourcecode.c.objc; path = Planck.m; sourceTree = "<group>"; };
		ED9C148C1B57C21E0092866D /* planck */ = {isa = PBXFileReference; explicitFileType = "compiled.mach-o.executable"; includeInIndex = 0; path = planck; sourceTree = BUILT_PRODUCTS_DIR; };
		ED9C148F1B57C21E0092866D /* main.m */ = {isa = PBXFileReference; lastKnownFileType = sourcecode.c.objc; path = main.m; sourceTree = "<group>"; };
		EDE838551B57C5E2002F56D7 /* JavaScriptCore.framework */ = {isa = PBXFileReference; lastKnownFileType = wrapper.framework; name = JavaScriptCore.framework; path = System/Library/Frameworks/JavaScriptCore.framework; sourceTree = SDKROOT; };
		EDEEDDA01B6FE2D000DF10C1 /* ABYContextManager.h */ = {isa = PBXFileReference; fileEncoding = 4; lastKnownFileType = sourcecode.c.h; path = ABYContextManager.h; sourceTree = "<group>"; };
		EDEEDDA11B6FE2D000DF10C1 /* ABYContextManager.m */ = {isa = PBXFileReference; fileEncoding = 4; lastKnownFileType = sourcecode.c.objc; path = ABYContextManager.m; sourceTree = "<group>"; };
		EDEEDDA21B6FE2D000DF10C1 /* ABYUtils.h */ = {isa = PBXFileReference; fileEncoding = 4; lastKnownFileType = sourcecode.c.h; path = ABYUtils.h; sourceTree = "<group>"; };
		EDEEDDA31B6FE2D000DF10C1 /* ABYUtils.m */ = {isa = PBXFileReference; fileEncoding = 4; lastKnownFileType = sourcecode.c.objc; path = ABYUtils.m; sourceTree = "<group>"; };
/* End PBXFileReference section */

/* Begin PBXFrameworksBuildPhase section */
		ED9C14891B57C21E0092866D /* Frameworks */ = {
			isa = PBXFrameworksBuildPhase;
			buildActionMask = 2147483647;
			files = (
				EDE838561B57C5E2002F56D7 /* JavaScriptCore.framework in Frameworks */,
			);
			runOnlyForDeploymentPostprocessing = 0;
		};
/* End PBXFrameworksBuildPhase section */

/* Begin PBXGroup section */
		35A6B03D755C734C71B409B1 /* Frameworks */ = {
			isa = PBXGroup;
			children = (
				C67726A927E96E71200D17FC /* libPods.a */,
			);
			name = Frameworks;
			sourceTree = "<group>";
		};
		ED4919561B6EB9180084F9C5 /* linenoise */ = {
			isa = PBXGroup;
			children = (
				ED4919581B6EB9520084F9C5 /* linenoise.h */,
				ED4919571B6EB9520084F9C5 /* linenoise.c */,
			);
			name = linenoise;
			sourceTree = "<group>";
		};
		ED9C14831B57C21E0092866D = {
			isa = PBXGroup;
			children = (
				EDE838551B57C5E2002F56D7 /* JavaScriptCore.framework */,
				ED9C148E1B57C21E0092866D /* planck */,
				ED4919561B6EB9180084F9C5 /* linenoise */,
				ED9C148D1B57C21E0092866D /* Products */,
				35A6B03D755C734C71B409B1 /* Frameworks */,
			);
			sourceTree = "<group>";
		};
		ED9C148D1B57C21E0092866D /* Products */ = {
			isa = PBXGroup;
			children = (
				ED9C148C1B57C21E0092866D /* planck */,
			);
			name = Products;
			sourceTree = "<group>";
		};
		ED9C148E1B57C21E0092866D /* planck */ = {
			isa = PBXGroup;
			children = (
				EDEEDDA01B6FE2D000DF10C1 /* ABYContextManager.h */,
				EDEEDDA11B6FE2D000DF10C1 /* ABYContextManager.m */,
				EDEEDDA21B6FE2D000DF10C1 /* ABYUtils.h */,
				EDEEDDA31B6FE2D000DF10C1 /* ABYUtils.m */,
				ED9C148F1B57C21E0092866D /* main.m */,
				ED72D3CF1B57D8FF00BF6EA2 /* Planck.h */,
				ED72D3D01B57D8FF00BF6EA2 /* Planck.m */,
				ED51CF741B66CC6200200417 /* CljsRuntime.h */,
				ED51CF751B66D64D00200417 /* CljsRuntime.m */,
			);
			path = planck;
			sourceTree = "<group>";
		};
/* End PBXGroup section */

/* Begin PBXNativeTarget section */
		ED9C148B1B57C21E0092866D /* planck */ = {
			isa = PBXNativeTarget;
			buildConfigurationList = ED9C14931B57C21E0092866D /* Build configuration list for PBXNativeTarget "planck" */;
			buildPhases = (
				ED9C14881B57C21E0092866D /* Sources */,
				ED9C14891B57C21E0092866D /* Frameworks */,
				ED9C148A1B57C21E0092866D /* CopyFiles */,
			);
			buildRules = (
			);
			dependencies = (
			);
			name = planck;
			productName = planck;
			productReference = ED9C148C1B57C21E0092866D /* planck */;
			productType = "com.apple.product-type.tool";
		};
/* End PBXNativeTarget section */

/* Begin PBXProject section */
		ED9C14841B57C21E0092866D /* Project object */ = {
			isa = PBXProject;
			attributes = {
				LastUpgradeCheck = 0640;
				ORGANIZATIONNAME = FikesFarm;
				TargetAttributes = {
					ED9C148B1B57C21E0092866D = {
						CreatedOnToolsVersion = 6.4;
					};
				};
			};
			buildConfigurationList = ED9C14871B57C21E0092866D /* Build configuration list for PBXProject "planck" */;
			compatibilityVersion = "Xcode 3.2";
			developmentRegion = English;
			hasScannedForEncodings = 0;
			knownRegions = (
				en,
			);
			mainGroup = ED9C14831B57C21E0092866D;
			productRefGroup = ED9C148D1B57C21E0092866D /* Products */;
			projectDirPath = "";
			projectRoot = "";
			targets = (
				ED9C148B1B57C21E0092866D /* planck */,
			);
		};
/* End PBXProject section */

/* Begin PBXSourcesBuildPhase section */
		ED9C14881B57C21E0092866D /* Sources */ = {
			isa = PBXSourcesBuildPhase;
			buildActionMask = 2147483647;
			files = (
				EDEEDDA41B6FE2D000DF10C1 /* ABYContextManager.m in Sources */,
				ED51CF761B66D64D00200417 /* CljsRuntime.m in Sources */,
				EDEEDDA51B6FE2D000DF10C1 /* ABYUtils.m in Sources */,
				ED72D3D11B57D8FF00BF6EA2 /* Planck.m in Sources */,
				ED4919591B6EB9520084F9C5 /* linenoise.c in Sources */,
				ED9C14901B57C21E0092866D /* main.m in Sources */,
			);
			runOnlyForDeploymentPostprocessing = 0;
		};
/* End PBXSourcesBuildPhase section */

/* Begin XCBuildConfiguration section */
		ED9C14911B57C21E0092866D /* Debug */ = {
			isa = XCBuildConfiguration;
			buildSettings = {
				ALWAYS_SEARCH_USER_PATHS = NO;
				CLANG_CXX_LANGUAGE_STANDARD = "gnu++0x";
				CLANG_CXX_LIBRARY = "libc++";
				CLANG_ENABLE_MODULES = YES;
				CLANG_ENABLE_OBJC_ARC = YES;
				CLANG_WARN_BOOL_CONVERSION = YES;
				CLANG_WARN_CONSTANT_CONVERSION = YES;
				CLANG_WARN_DIRECT_OBJC_ISA_USAGE = YES_ERROR;
				CLANG_WARN_EMPTY_BODY = YES;
				CLANG_WARN_ENUM_CONVERSION = YES;
				CLANG_WARN_INT_CONVERSION = YES;
				CLANG_WARN_OBJC_ROOT_CLASS = YES_ERROR;
				CLANG_WARN_UNREACHABLE_CODE = YES;
				CLANG_WARN__DUPLICATE_METHOD_MATCH = YES;
				COPY_PHASE_STRIP = NO;
				DEBUG_INFORMATION_FORMAT = dwarf;
				ENABLE_STRICT_OBJC_MSGSEND = YES;
				GCC_C_LANGUAGE_STANDARD = gnu99;
				GCC_DYNAMIC_NO_PIC = NO;
				GCC_NO_COMMON_BLOCKS = YES;
				GCC_OPTIMIZATION_LEVEL = 0;
				GCC_PREPROCESSOR_DEFINITIONS = (
					"DEBUG=1",
					"$(inherited)",
				);
				GCC_SYMBOLS_PRIVATE_EXTERN = NO;
				GCC_WARN_64_TO_32_BIT_CONVERSION = YES;
				GCC_WARN_ABOUT_RETURN_TYPE = YES_ERROR;
				GCC_WARN_UNDECLARED_SELECTOR = YES;
				GCC_WARN_UNINITIALIZED_AUTOS = YES_AGGRESSIVE;
				GCC_WARN_UNUSED_FUNCTION = YES;
				GCC_WARN_UNUSED_VARIABLE = YES;
				MACOSX_DEPLOYMENT_TARGET = 10.10;
				MTL_ENABLE_DEBUG_INFO = YES;
				ONLY_ACTIVE_ARCH = YES;
				SDKROOT = macosx;
			};
			name = Debug;
		};
		ED9C14921B57C21E0092866D /* Release */ = {
			isa = XCBuildConfiguration;
			buildSettings = {
				ALWAYS_SEARCH_USER_PATHS = NO;
				CLANG_CXX_LANGUAGE_STANDARD = "gnu++0x";
				CLANG_CXX_LIBRARY = "libc++";
				CLANG_ENABLE_MODULES = YES;
				CLANG_ENABLE_OBJC_ARC = YES;
				CLANG_WARN_BOOL_CONVERSION = YES;
				CLANG_WARN_CONSTANT_CONVERSION = YES;
				CLANG_WARN_DIRECT_OBJC_ISA_USAGE = YES_ERROR;
				CLANG_WARN_EMPTY_BODY = YES;
				CLANG_WARN_ENUM_CONVERSION = YES;
				CLANG_WARN_INT_CONVERSION = YES;
				CLANG_WARN_OBJC_ROOT_CLASS = YES_ERROR;
				CLANG_WARN_UNREACHABLE_CODE = YES;
				CLANG_WARN__DUPLICATE_METHOD_MATCH = YES;
				COPY_PHASE_STRIP = NO;
				DEBUG_INFORMATION_FORMAT = "dwarf-with-dsym";
				ENABLE_NS_ASSERTIONS = NO;
				ENABLE_STRICT_OBJC_MSGSEND = YES;
				GCC_C_LANGUAGE_STANDARD = gnu99;
				GCC_NO_COMMON_BLOCKS = YES;
				GCC_WARN_64_TO_32_BIT_CONVERSION = YES;
				GCC_WARN_ABOUT_RETURN_TYPE = YES_ERROR;
				GCC_WARN_UNDECLARED_SELECTOR = YES;
				GCC_WARN_UNINITIALIZED_AUTOS = YES_AGGRESSIVE;
				GCC_WARN_UNUSED_FUNCTION = YES;
				GCC_WARN_UNUSED_VARIABLE = YES;
				MACOSX_DEPLOYMENT_TARGET = 10.10;
				MTL_ENABLE_DEBUG_INFO = NO;
				SDKROOT = macosx;
			};
			name = Release;
		};
		ED9C14941B57C21E0092866D /* Debug */ = {
			isa = XCBuildConfiguration;
			buildSettings = {
				PRODUCT_NAME = "$(TARGET_NAME)";
			};
			name = Debug;
		};
		ED9C14951B57C21E0092866D /* Release */ = {
			isa = XCBuildConfiguration;
			buildSettings = {
				PRODUCT_NAME = "$(TARGET_NAME)";
			};
			name = Release;
		};
/* End XCBuildConfiguration section */

/* Begin XCConfigurationList section */
		ED9C14871B57C21E0092866D /* Build configuration list for PBXProject "planck" */ = {
			isa = XCConfigurationList;
			buildConfigurations = (
				ED9C14911B57C21E0092866D /* Debug */,
				ED9C14921B57C21E0092866D /* Release */,
			);
			defaultConfigurationIsVisible = 0;
			defaultConfigurationName = Release;
		};
		ED9C14931B57C21E0092866D /* Build configuration list for PBXNativeTarget "planck" */ = {
			isa = XCConfigurationList;
			buildConfigurations = (
				ED9C14941B57C21E0092866D /* Debug */,
				ED9C14951B57C21E0092866D /* Release */,
			);
			defaultConfigurationIsVisible = 0;
			defaultConfigurationName = Release;
		};
/* End XCConfigurationList section */
	};
	rootObject = ED9C14841B57C21E0092866D /* Project object */;
}
